
Microsoft Visual Studio Solution File, Format Version 12.00
# Visual Studio Version 16
VisualStudioVersion = 16.0.29920.165
MinimumVisualStudioVersion = 15.0.26124.0
Project("{2150E333-8FDC-42A3-9474-1A3956D46DE8}") = "Src", "Src", "{FB3B4B3C-0503-47FF-957C-98FF745573B9}"
EndProject
Project("{9A19103F-16F7-4668-BE54-9A1E7A4F7556}") = "WebScraper", "Src\WebScraper\WebScraper.csproj", "{9F3561C7-2376-470F-85BF-F853352DDEBA}"
EndProject
Project("{2150E333-8FDC-42A3-9474-1A3956D46DE8}") = "Tests", "Tests", "{F8531FF6-DDE8-4886-8002-0917ADE66433}"
EndProject
Project("{9A19103F-16F7-4668-BE54-9A1E7A4F7556}") = "WebScraper.UnitTests", "Tests\WebScraper.UnitTests\WebScraper.UnitTests.csproj", "{3AA61956-DA81-4965-9AB0-E3E2AD3B4A71}"
EndProject
Project("{9A19103F-16F7-4668-BE54-9A1E7A4F7556}") = "Persistence", "Src\Persistence\Persistence.csproj", "{96A4ACA5-608D-4564-88BB-BD416FCF097E}"
EndProject
Project("{9A19103F-16F7-4668-BE54-9A1E7A4F7556}") = "App", "Src\App\App.csproj", "{D0DE9B13-6DF1-4CD8-B559-1502772A7E35}"
EndProject
Project("{FAE04EC0-301F-11D3-BF4B-00C04F79EFBC}") = "Persistence.Messages", "Src\Persistence.Messages\Persistence.Messages.csproj", "{18CAA219-1C41-4D06-A2D6-5F166C56D9C3}"
EndProject
Project("{FAE04EC0-301F-11D3-BF4B-00C04F79EFBC}") = "WebScraper.Messages", "Src\WebScraper.Messages\WebScraper.Messages.csproj", "{DDF25436-8E39-40D3-8930-780797111C79}"
EndProject
Project("{FAE04EC0-301F-11D3-BF4B-00C04F79EFBC}") = "Core", "Src\Core\Core.csproj", "{15014FD9-CDB2-4B99-8EC5-48BD20617317}"
EndProject
Global
	GlobalSection(SolutionConfigurationPlatforms) = preSolution
		Debug|Any CPU = Debug|Any CPU
		Debug|x64 = Debug|x64
		Debug|x86 = Debug|x86
		Release|Any CPU = Release|Any CPU
		Release|x64 = Release|x64
		Release|x86 = Release|x86
	EndGlobalSection
	GlobalSection(ProjectConfigurationPlatforms) = postSolution
		{9F3561C7-2376-470F-85BF-F853352DDEBA}.Debug|Any CPU.ActiveCfg = Debug|Any CPU
		{9F3561C7-2376-470F-85BF-F853352DDEBA}.Debug|Any CPU.Build.0 = Debug|Any CPU
		{9F3561C7-2376-470F-85BF-F853352DDEBA}.Debug|x64.ActiveCfg = Debug|Any CPU
		{9F3561C7-2376-470F-85BF-F853352DDEBA}.Debug|x64.Build.0 = Debug|Any CPU
		{9F3561C7-2376-470F-85BF-F853352DDEBA}.Debug|x86.ActiveCfg = Debug|Any CPU
		{9F3561C7-2376-470F-85BF-F853352DDEBA}.Debug|x86.Build.0 = Debug|Any CPU
		{9F3561C7-2376-470F-85BF-F853352DDEBA}.Release|Any CPU.ActiveCfg = Release|Any CPU
		{9F3561C7-2376-470F-85BF-F853352DDEBA}.Release|Any CPU.Build.0 = Release|Any CPU
		{9F3561C7-2376-470F-85BF-F853352DDEBA}.Release|x64.ActiveCfg = Release|Any CPU
		{9F3561C7-2376-470F-85BF-F853352DDEBA}.Release|x64.Build.0 = Release|Any CPU
		{9F3561C7-2376-470F-85BF-F853352DDEBA}.Release|x86.ActiveCfg = Release|Any CPU
		{9F3561C7-2376-470F-85BF-F853352DDEBA}.Release|x86.Build.0 = Release|Any CPU
		{3AA61956-DA81-4965-9AB0-E3E2AD3B4A71}.Debug|Any CPU.ActiveCfg = Debug|Any CPU
		{3AA61956-DA81-4965-9AB0-E3E2AD3B4A71}.Debug|Any CPU.Build.0 = Debug|Any CPU
		{3AA61956-DA81-4965-9AB0-E3E2AD3B4A71}.Debug|x64.ActiveCfg = Debug|Any CPU
		{3AA61956-DA81-4965-9AB0-E3E2AD3B4A71}.Debug|x64.Build.0 = Debug|Any CPU
		{3AA61956-DA81-4965-9AB0-E3E2AD3B4A71}.Debug|x86.ActiveCfg = Debug|Any CPU
		{3AA61956-DA81-4965-9AB0-E3E2AD3B4A71}.Debug|x86.Build.0 = Debug|Any CPU
		{3AA61956-DA81-4965-9AB0-E3E2AD3B4A71}.Release|Any CPU.ActiveCfg = Release|Any CPU
		{3AA61956-DA81-4965-9AB0-E3E2AD3B4A71}.Release|Any CPU.Build.0 = Release|Any CPU
		{3AA61956-DA81-4965-9AB0-E3E2AD3B4A71}.Release|x64.ActiveCfg = Release|Any CPU
		{3AA61956-DA81-4965-9AB0-E3E2AD3B4A71}.Release|x64.Build.0 = Release|Any CPU
		{3AA61956-DA81-4965-9AB0-E3E2AD3B4A71}.Release|x86.ActiveCfg = Release|Any CPU
		{3AA61956-DA81-4965-9AB0-E3E2AD3B4A71}.Release|x86.Build.0 = Release|Any CPU
		{96A4ACA5-608D-4564-88BB-BD416FCF097E}.Debug|Any CPU.ActiveCfg = Debug|Any CPU
		{96A4ACA5-608D-4564-88BB-BD416FCF097E}.Debug|Any CPU.Build.0 = Debug|Any CPU
		{96A4ACA5-608D-4564-88BB-BD416FCF097E}.Debug|x64.ActiveCfg = Debug|Any CPU
		{96A4ACA5-608D-4564-88BB-BD416FCF097E}.Debug|x64.Build.0 = Debug|Any CPU
		{96A4ACA5-608D-4564-88BB-BD416FCF097E}.Debug|x86.ActiveCfg = Debug|Any CPU
		{96A4ACA5-608D-4564-88BB-BD416FCF097E}.Debug|x86.Build.0 = Debug|Any CPU
		{96A4ACA5-608D-4564-88BB-BD416FCF097E}.Release|Any CPU.ActiveCfg = Release|Any CPU
		{96A4ACA5-608D-4564-88BB-BD416FCF097E}.Release|Any CPU.Build.0 = Release|Any CPU
		{96A4ACA5-608D-4564-88BB-BD416FCF097E}.Release|x64.ActiveCfg = Release|Any CPU
		{96A4ACA5-608D-4564-88BB-BD416FCF097E}.Release|x64.Build.0 = Release|Any CPU
		{96A4ACA5-608D-4564-88BB-BD416FCF097E}.Release|x86.ActiveCfg = Release|Any CPU
		{96A4ACA5-608D-4564-88BB-BD416FCF097E}.Release|x86.Build.0 = Release|Any CPU
		{D0DE9B13-6DF1-4CD8-B559-1502772A7E35}.Debug|Any CPU.ActiveCfg = Debug|Any CPU
		{D0DE9B13-6DF1-4CD8-B559-1502772A7E35}.Debug|Any CPU.Build.0 = Debug|Any CPU
		{D0DE9B13-6DF1-4CD8-B559-1502772A7E35}.Debug|x64.ActiveCfg = Debug|Any CPU
		{D0DE9B13-6DF1-4CD8-B559-1502772A7E35}.Debug|x64.Build.0 = Debug|Any CPU
		{D0DE9B13-6DF1-4CD8-B559-1502772A7E35}.Debug|x86.ActiveCfg = Debug|Any CPU
		{D0DE9B13-6DF1-4CD8-B559-1502772A7E35}.Debug|x86.Build.0 = Debug|Any CPU
		{D0DE9B13-6DF1-4CD8-B559-1502772A7E35}.Release|Any CPU.ActiveCfg = Release|Any CPU
		{D0DE9B13-6DF1-4CD8-B559-1502772A7E35}.Release|Any CPU.Build.0 = Release|Any CPU
		{D0DE9B13-6DF1-4CD8-B559-1502772A7E35}.Release|x64.ActiveCfg = Release|Any CPU
		{D0DE9B13-6DF1-4CD8-B559-1502772A7E35}.Release|x64.Build.0 = Release|Any CPU
		{D0DE9B13-6DF1-4CD8-B559-1502772A7E35}.Release|x86.ActiveCfg = Release|Any CPU
		{D0DE9B13-6DF1-4CD8-B559-1502772A7E35}.Release|x86.Build.0 = Release|Any CPU
		{18CAA219-1C41-4D06-A2D6-5F166C56D9C3}.Debug|Any CPU.ActiveCfg = Debug|Any CPU
		{18CAA219-1C41-4D06-A2D6-5F166C56D9C3}.Debug|Any CPU.Build.0 = Debug|Any CPU
		{18CAA219-1C41-4D06-A2D6-5F166C56D9C3}.Debug|x64.ActiveCfg = Debug|Any CPU
		{18CAA219-1C41-4D06-A2D6-5F166C56D9C3}.Debug|x64.Build.0 = Debug|Any CPU
		{18CAA219-1C41-4D06-A2D6-5F166C56D9C3}.Debug|x86.ActiveCfg = Debug|Any CPU
		{18CAA219-1C41-4D06-A2D6-5F166C56D9C3}.Debug|x86.Build.0 = Debug|Any CPU
		{18CAA219-1C41-4D06-A2D6-5F166C56D9C3}.Release|Any CPU.ActiveCfg = Release|Any CPU
		{18CAA219-1C41-4D06-A2D6-5F166C56D9C3}.Release|Any CPU.Build.0 = Release|Any CPU
		{18CAA219-1C41-4D06-A2D6-5F166C56D9C3}.Release|x64.ActiveCfg = Release|Any CPU
		{18CAA219-1C41-4D06-A2D6-5F166C56D9C3}.Release|x64.Build.0 = Release|Any CPU
		{18CAA219-1C41-4D06-A2D6-5F166C56D9C3}.Release|x86.ActiveCfg = Release|Any CPU
		{18CAA219-1C41-4D06-A2D6-5F166C56D9C3}.Release|x86.Build.0 = Release|Any CPU
		{DDF25436-8E39-40D3-8930-780797111C79}.Debug|Any CPU.ActiveCfg = Debug|Any CPU
		{DDF25436-8E39-40D3-8930-780797111C79}.Debug|Any CPU.Build.0 = Debug|Any CPU
		{DDF25436-8E39-40D3-8930-780797111C79}.Debug|x64.ActiveCfg = Debug|Any CPU
		{DDF25436-8E39-40D3-8930-780797111C79}.Debug|x64.Build.0 = Debug|Any CPU
		{DDF25436-8E39-40D3-8930-780797111C79}.Debug|x86.ActiveCfg = Debug|Any CPU
		{DDF25436-8E39-40D3-8930-780797111C79}.Debug|x86.Build.0 = Debug|Any CPU
		{DDF25436-8E39-40D3-8930-780797111C79}.Release|Any CPU.ActiveCfg = Release|Any CPU
		{DDF25436-8E39-40D3-8930-780797111C79}.Release|Any CPU.Build.0 = Release|Any CPU
		{DDF25436-8E39-40D3-8930-780797111C79}.Release|x64.ActiveCfg = Release|Any CPU
		{DDF25436-8E39-40D3-8930-780797111C79}.Release|x64.Build.0 = Release|Any CPU
		{DDF25436-8E39-40D3-8930-780797111C79}.Release|x86.ActiveCfg = Release|Any CPU
		{DDF25436-8E39-40D3-8930-780797111C79}.Release|x86.Build.0 = Release|Any CPU
		{15014FD9-CDB2-4B99-8EC5-48BD20617317}.Debug|Any CPU.ActiveCfg = Debug|Any CPU
		{15014FD9-CDB2-4B99-8EC5-48BD20617317}.Debug|Any CPU.Build.0 = Debug|Any CPU
		{15014FD9-CDB2-4B99-8EC5-48BD20617317}.Debug|x64.ActiveCfg = Debug|Any CPU
		{15014FD9-CDB2-4B99-8EC5-48BD20617317}.Debug|x64.Build.0 = Debug|Any CPU
		{15014FD9-CDB2-4B99-8EC5-48BD20617317}.Debug|x86.ActiveCfg = Debug|Any CPU
		{15014FD9-CDB2-4B99-8EC5-48BD20617317}.Debug|x86.Build.0 = Debug|Any CPU
		{15014FD9-CDB2-4B99-8EC5-48BD20617317}.Release|Any CPU.ActiveCfg = Release|Any CPU
		{15014FD9-CDB2-4B99-8EC5-48BD20617317}.Release|Any CPU.Build.0 = Release|Any CPU
		{15014FD9-CDB2-4B99-8EC5-48BD20617317}.Release|x64.ActiveCfg = Release|Any CPU
		{15014FD9-CDB2-4B99-8EC5-48BD20617317}.Release|x64.Build.0 = Release|Any CPU
		{15014FD9-CDB2-4B99-8EC5-48BD20617317}.Release|x86.ActiveCfg = Release|Any CPU
		{15014FD9-CDB2-4B99-8EC5-48BD20617317}.Release|x86.Build.0 = Release|Any CPU
	EndGlobalSection
	GlobalSection(SolutionProperties) = preSolution
		HideSolutionNode = FALSE
	EndGlobalSection
	GlobalSection(NestedProjects) = preSolution
		{9F3561C7-2376-470F-85BF-F853352DDEBA} = {FB3B4B3C-0503-47FF-957C-98FF745573B9}
		{3AA61956-DA81-4965-9AB0-E3E2AD3B4A71} = {F8531FF6-DDE8-4886-8002-0917ADE66433}
		{96A4ACA5-608D-4564-88BB-BD416FCF097E} = {FB3B4B3C-0503-47FF-957C-98FF745573B9}
		{D0DE9B13-6DF1-4CD8-B559-1502772A7E35} = {FB3B4B3C-0503-47FF-957C-98FF745573B9}
		{18CAA219-1C41-4D06-A2D6-5F166C56D9C3} = {FB3B4B3C-0503-47FF-957C-98FF745573B9}
		{DDF25436-8E39-40D3-8930-780797111C79} = {FB3B4B3C-0503-47FF-957C-98FF745573B9}
		{15014FD9-CDB2-4B99-8EC5-48BD20617317} = {FB3B4B3C-0503-47FF-957C-98FF745573B9}
	EndGlobalSection
	GlobalSection(ExtensibilityGlobals) = postSolution
		SolutionGuid = {DAE2D7F1-0144-4F30-AB3B-93D0CD63C0FC}
	EndGlobalSection
EndGlobal
